
Microsoft Visual Studio Solution File, Format Version 12.00
# Visual Studio Version 16
VisualStudioVersion = 16.6.30114.105
MinimumVisualStudioVersion = 10.0.40219.1
Project("{FAE04EC0-301F-11D3-BF4B-00C04F79EFBC}") = "Domain", "Domain\Domain.csproj", "{BBDE6D5C-4DEE-4813-BE43-D26EF4E175D8}"
EndProject
Project("{FAE04EC0-301F-11D3-BF4B-00C04F79EFBC}") = "Application", "Application\Application.csproj", "{3542E1C9-C54B-4063-8B30-CCA55D13FE18}"
EndProject
Project("{FAE04EC0-301F-11D3-BF4B-00C04F79EFBC}") = "Persistence", "Persistence\Persistence.csproj", "{2ACAF8FB-5029-4C6D-A97B-D9691179CD65}"
EndProject
Project("{FAE04EC0-301F-11D3-BF4B-00C04F79EFBC}") = "API", "API\API.csproj", "{71687F33-BA0C-4B11-906D-38628F818EB0}"
EndProject
Global
	GlobalSection(SolutionConfigurationPlatforms) = preSolution
		Debug|Any CPU = Debug|Any CPU
		Debug|x64 = Debug|x64
		Debug|x86 = Debug|x86
		Release|Any CPU = Release|Any CPU
		Release|x64 = Release|x64
		Release|x86 = Release|x86
	EndGlobalSection
	GlobalSection(SolutionProperties) = preSolution
		HideSolutionNode = FALSE
	EndGlobalSection
	GlobalSection(ProjectConfigurationPlatforms) = postSolution
		{BBDE6D5C-4DEE-4813-BE43-D26EF4E175D8}.Debug|Any CPU.ActiveCfg = Debug|Any CPU
		{BBDE6D5C-4DEE-4813-BE43-D26EF4E175D8}.Debug|Any CPU.Build.0 = Debug|Any CPU
		{BBDE6D5C-4DEE-4813-BE43-D26EF4E175D8}.Debug|x64.ActiveCfg = Debug|Any CPU
		{BBDE6D5C-4DEE-4813-BE43-D26EF4E175D8}.Debug|x64.Build.0 = Debug|Any CPU
		{BBDE6D5C-4DEE-4813-BE43-D26EF4E175D8}.Debug|x86.ActiveCfg = Debug|Any CPU
		{BBDE6D5C-4DEE-4813-BE43-D26EF4E175D8}.Debug|x86.Build.0 = Debug|Any CPU
		{BBDE6D5C-4DEE-4813-BE43-D26EF4E175D8}.Release|Any CPU.ActiveCfg = Release|Any CPU
		{BBDE6D5C-4DEE-4813-BE43-D26EF4E175D8}.Release|Any CPU.Build.0 = Release|Any CPU
		{BBDE6D5C-4DEE-4813-BE43-D26EF4E175D8}.Release|x64.ActiveCfg = Release|Any CPU
		{BBDE6D5C-4DEE-4813-BE43-D26EF4E175D8}.Release|x64.Build.0 = Release|Any CPU
		{BBDE6D5C-4DEE-4813-BE43-D26EF4E175D8}.Release|x86.ActiveCfg = Release|Any CPU
		{BBDE6D5C-4DEE-4813-BE43-D26EF4E175D8}.Release|x86.Build.0 = Release|Any CPU
		{3542E1C9-C54B-4063-8B30-CCA55D13FE18}.Debug|Any CPU.ActiveCfg = Debug|Any CPU
		{3542E1C9-C54B-4063-8B30-CCA55D13FE18}.Debug|Any CPU.Build.0 = Debug|Any CPU
		{3542E1C9-C54B-4063-8B30-CCA55D13FE18}.Debug|x64.ActiveCfg = Debug|Any CPU
		{3542E1C9-C54B-4063-8B30-CCA55D13FE18}.Debug|x64.Build.0 = Debug|Any CPU
		{3542E1C9-C54B-4063-8B30-CCA55D13FE18}.Debug|x86.ActiveCfg = Debug|Any CPU
		{3542E1C9-C54B-4063-8B30-CCA55D13FE18}.Debug|x86.Build.0 = Debug|Any CPU
		{3542E1C9-C54B-4063-8B30-CCA55D13FE18}.Release|Any CPU.ActiveCfg = Release|Any CPU
		{3542E1C9-C54B-4063-8B30-CCA55D13FE18}.Release|Any CPU.Build.0 = Release|Any CPU
		{3542E1C9-C54B-4063-8B30-CCA55D13FE18}.Release|x64.ActiveCfg = Release|Any CPU
		{3542E1C9-C54B-4063-8B30-CCA55D13FE18}.Release|x64.Build.0 = Release|Any CPU
		{3542E1C9-C54B-4063-8B30-CCA55D13FE18}.Release|x86.ActiveCfg = Release|Any CPU
		{3542E1C9-C54B-4063-8B30-CCA55D13FE18}.Release|x86.Build.0 = Release|Any CPU
		{2ACAF8FB-5029-4C6D-A97B-D9691179CD65}.Debug|Any CPU.ActiveCfg = Debug|Any CPU
		{2ACAF8FB-5029-4C6D-A97B-D9691179CD65}.Debug|Any CPU.Build.0 = Debug|Any CPU
		{2ACAF8FB-5029-4C6D-A97B-D9691179CD65}.Debug|x64.ActiveCfg = Debug|Any CPU
		{2ACAF8FB-5029-4C6D-A97B-D9691179CD65}.Debug|x64.Build.0 = Debug|Any CPU
		{2ACAF8FB-5029-4C6D-A97B-D9691179CD65}.Debug|x86.ActiveCfg = Debug|Any CPU
		{2ACAF8FB-5029-4C6D-A97B-D9691179CD65}.Debug|x86.Build.0 = Debug|Any CPU
		{2ACAF8FB-5029-4C6D-A97B-D9691179CD65}.Release|Any CPU.ActiveCfg = Release|Any CPU
		{2ACAF8FB-5029-4C6D-A97B-D9691179CD65}.Release|Any CPU.Build.0 = Release|Any CPU
		{2ACAF8FB-5029-4C6D-A97B-D9691179CD65}.Release|x64.ActiveCfg = Release|Any CPU
		{2ACAF8FB-5029-4C6D-A97B-D9691179CD65}.Release|x64.Build.0 = Release|Any CPU
		{2ACAF8FB-5029-4C6D-A97B-D9691179CD65}.Release|x86.ActiveCfg = Release|Any CPU
		{2ACAF8FB-5029-4C6D-A97B-D9691179CD65}.Release|x86.Build.0 = Release|Any CPU
		{71687F33-BA0C-4B11-906D-38628F818EB0}.Debug|Any CPU.ActiveCfg = Debug|Any CPU
		{71687F33-BA0C-4B11-906D-38628F818EB0}.Debug|Any CPU.Build.0 = Debug|Any CPU
		{71687F33-BA0C-4B11-906D-38628F818EB0}.Debug|x64.ActiveCfg = Debug|Any CPU
		{71687F33-BA0C-4B11-906D-38628F818EB0}.Debug|x64.Build.0 = Debug|Any CPU
		{71687F33-BA0C-4B11-906D-38628F818EB0}.Debug|x86.ActiveCfg = Debug|Any CPU
		{71687F33-BA0C-4B11-906D-38628F818EB0}.Debug|x86.Build.0 = Debug|Any CPU
		{71687F33-BA0C-4B11-906D-38628F818EB0}.Release|Any CPU.ActiveCfg = Release|Any CPU
		{71687F33-BA0C-4B11-906D-38628F818EB0}.Release|Any CPU.Build.0 = Release|Any CPU
		{71687F33-BA0C-4B11-906D-38628F818EB0}.Release|x64.ActiveCfg = Release|Any CPU
		{71687F33-BA0C-4B11-906D-38628F818EB0}.Release|x64.Build.0 = Release|Any CPU
		{71687F33-BA0C-4B11-906D-38628F818EB0}.Release|x86.ActiveCfg = Release|Any CPU
		{71687F33-BA0C-4B11-906D-38628F818EB0}.Release|x86.Build.0 = Release|Any CPU
		{CC5F1705-5A1E-4ACE-ADFC-32FB94650EC9}.Debug|Any CPU.ActiveCfg = Debug|Any CPU
		{CC5F1705-5A1E-4ACE-ADFC-32FB94650EC9}.Debug|Any CPU.Build.0 = Debug|Any CPU
		{CC5F1705-5A1E-4ACE-ADFC-32FB94650EC9}.Debug|x64.ActiveCfg = Debug|Any CPU
		{CC5F1705-5A1E-4ACE-ADFC-32FB94650EC9}.Debug|x64.Build.0 = Debug|Any CPU
		{CC5F1705-5A1E-4ACE-ADFC-32FB94650EC9}.Debug|x86.ActiveCfg = Debug|Any CPU
		{CC5F1705-5A1E-4ACE-ADFC-32FB94650EC9}.Debug|x86.Build.0 = Debug|Any CPU
		{CC5F1705-5A1E-4ACE-ADFC-32FB94650EC9}.Release|Any CPU.ActiveCfg = Release|Any CPU
		{CC5F1705-5A1E-4ACE-ADFC-32FB94650EC9}.Release|Any CPU.Build.0 = Release|Any CPU
		{CC5F1705-5A1E-4ACE-ADFC-32FB94650EC9}.Release|x64.ActiveCfg = Release|Any CPU
		{CC5F1705-5A1E-4ACE-ADFC-32FB94650EC9}.Release|x64.Build.0 = Release|Any CPU
		{CC5F1705-5A1E-4ACE-ADFC-32FB94650EC9}.Release|x86.ActiveCfg = Release|Any CPU
		{CC5F1705-5A1E-4ACE-ADFC-32FB94650EC9}.Release|x86.Build.0 = Release|Any CPU
		{D7ED5C06-B631-451D-AA57-B040EDF9B1CE}.Debug|Any CPU.ActiveCfg = Debug|Any CPU
		{D7ED5C06-B631-451D-AA57-B040EDF9B1CE}.Debug|Any CPU.Build.0 = Debug|Any CPU
		{D7ED5C06-B631-451D-AA57-B040EDF9B1CE}.Debug|x64.ActiveCfg = Debug|Any CPU
		{D7ED5C06-B631-451D-AA57-B040EDF9B1CE}.Debug|x64.Build.0 = Debug|Any CPU
		{D7ED5C06-B631-451D-AA57-B040EDF9B1CE}.Debug|x86.ActiveCfg = Debug|Any CPU
		{D7ED5C06-B631-451D-AA57-B040EDF9B1CE}.Debug|x86.Build.0 = Debug|Any CPU
		{D7ED5C06-B631-451D-AA57-B040EDF9B1CE}.Release|Any CPU.ActiveCfg = Release|Any CPU
		{D7ED5C06-B631-451D-AA57-B040EDF9B1CE}.Release|Any CPU.Build.0 = Release|Any CPU
		{D7ED5C06-B631-451D-AA57-B040EDF9B1CE}.Release|x64.ActiveCfg = Release|Any CPU
		{D7ED5C06-B631-451D-AA57-B040EDF9B1CE}.Release|x64.Build.0 = Release|Any CPU
		{D7ED5C06-B631-451D-AA57-B040EDF9B1CE}.Release|x86.ActiveCfg = Release|Any CPU
		{D7ED5C06-B631-451D-AA57-B040EDF9B1CE}.Release|x86.Build.0 = Release|Any CPU
	EndGlobalSection
EndGlobal
